
Microsoft Visual Studio Solution File, Format Version 12.00
# Visual Studio Version 17
VisualStudioVersion = 17.13.35931.197 d17.13
MinimumVisualStudioVersion = 10.0.40219.1
Project("{FAE04EC0-301F-11D3-BF4B-00C04F79EFBC}") = "Umbraco.Community.Forms.Intl_Tel_Input", "Umbraco.Community.Forms.Intl_Tel_Input\Umbraco.Community.Forms.Intl_Tel_Input.csproj", "{556DCCE1-C0D3-48C5-8D2E-D719FBBF1051}"
EndProject
Global
	GlobalSection(SolutionConfigurationPlatforms) = preSolution
		Debug|Any CPU = Debug|Any CPU
		Release|Any CPU = Release|Any CPU
	EndGlobalSection
	GlobalSection(ProjectConfigurationPlatforms) = postSolution
		{556DCCE1-C0D3-48C5-8D2E-D719FBBF1051}.Debug|Any CPU.ActiveCfg = Debug|Any CPU
		{556DCCE1-C0D3-48C5-8D2E-D719FBBF1051}.Debug|Any CPU.Build.0 = Debug|Any CPU
		{556DCCE1-C0D3-48C5-8D2E-D719FBBF1051}.Release|Any CPU.ActiveCfg = Release|Any CPU
		{556DCCE1-C0D3-48C5-8D2E-D719FBBF1051}.Release|Any CPU.Build.0 = Release|Any CPU
	EndGlobalSection
	GlobalSection(SolutionProperties) = preSolution
		HideSolutionNode = FALSE
	EndGlobalSection
	GlobalSection(ExtensibilityGlobals) = postSolution
		SolutionGuid = {E342029B-F8D2-459D-9628-BCB147B84650}
	EndGlobalSection
EndGlobal
